{
  "format_version": "0.1",
  "terraform_version": "0.15.4",
  "planned_values": {
    "root_module": {
      "resources": [
        {
          "address": "azurerm_app_service_plan.elastic",
          "mode": "managed",
          "type": "azurerm_app_service_plan",
          "name": "elastic",
          "provider_name": "registry.terraform.io/hashicorp/azurerm",
          "schema_version": 0,
          "values": {
            "app_service_environment_id": null,
            "is_xenon": null,
            "kind": "elastic",
            "location": "eastus",
            "name": "api-appserviceplan-pro",
            "per_site_scaling": null,
            "reserved": false,
            "resource_group_name": "fake_resource_group",
            "sku": [
              {
                "capacity": 1,
                "size": "EP2",
                "tier": "Basic"
              }
            ],
            "tags": null,
            "timeouts": null
          }
        },
        {
          "address": "azurerm_function_app.my_function",
          "mode": "managed",
          "type": "azurerm_function_app",
          "name": "my_function",
          "provider_name": "registry.terraform.io/hashicorp/azurerm",
          "schema_version": 0,
          "values": {
            "client_cert_mode": null,
            "daily_memory_time_quota": null,
            "enable_builtin_logging": true,
            "enabled": true,
            "https_only": false,
            "location": "uksouth",
            "name": "hello-world",
            "os_type": null,
            "resource_group_name": "fake_resource_group",
            "storage_account_access_key": "fake_storage_account_access_key",
            "storage_account_name": "fakestorageaccountname",
            "tags": null,
            "timeouts": null,
            "version": "~1"
          }
        },
        {
          "address": "azurerm_linux_virtual_machine.my_vm",
          "mode": "managed",
          "type": "azurerm_linux_virtual_machine",
          "name": "my_vm",
          "provider_name": "registry.terraform.io/hashicorp/azurerm",
          "schema_version": 0,
          "values": {
            "additional_capabilities": [],
            "admin_password": "fakepass",
            "admin_ssh_key": [],
            "admin_username": "fakeuser",
            "allow_extension_operations": true,
            "availability_set_id": null,
            "boot_diagnostics": [],
            "custom_data": null,
            "dedicated_host_id": null,
            "disable_password_authentication": true,
            "encryption_at_host_enabled": null,
            "eviction_policy": null,
            "extensions_time_budget": "PT1H30M",
            "identity": [],
            "license_type": null,
            "location": "eastus",
            "max_bid_price": -1,
            "name": "basic_a2",
            "network_interface_ids": [
              "/subscriptions/00000000-0000-0000-0000-000000000000/resourceGroups/testrg/providers/Microsoft.Network/networkInterfaces/fakenic"
            ],
            "os_disk": [
              {
                "caching": "ReadWrite",
                "diff_disk_settings": [],
                "disk_encryption_set_id": null,
                "storage_account_type": "Standard_LRS",
                "write_accelerator_enabled": false
              }
            ],
            "plan": [],
            "platform_fault_domain": -1,
            "priority": "Regular",
            "provision_vm_agent": true,
            "proximity_placement_group_id": null,
            "resource_group_name": "fake_resource_group",
            "secret": [],
            "size": "Basic_A2",
            "source_image_id": null,
            "source_image_reference": [
              {
                "offer": "UbuntuServer",
                "publisher": "Canonical",
                "sku": "16.04-LTS",
                "version": "latest"
              }
            ],
            "tags": null,
            "timeouts": null,
            "virtual_machine_scale_set_id": null
          }
        }
      ]
    }
  },
  "resource_changes": [
    {
      "address": "azurerm_app_service_plan.elastic",
      "mode": "managed",
      "type": "azurerm_app_service_plan",
      "name": "elastic",
      "provider_name": "registry.terraform.io/hashicorp/azurerm",
      "change": {
        "actions": [
          "create"
        ],
        "before": null,
        "after": {
          "app_service_environment_id": null,
          "is_xenon": null,
          "kind": "elastic",
          "location": "eastus",
          "name": "api-appserviceplan-pro",
          "per_site_scaling": null,
          "reserved": false,
          "resource_group_name": "fake_resource_group",
          "sku": [
            {
              "capacity": 1,
              "size": "EP2",
              "tier": "Basic"
            }
          ],
          "tags": null,
          "timeouts": null
        },
        "after_unknown": {
          "id": true,
          "maximum_elastic_worker_count": true,
          "maximum_number_of_workers": true,
          "sku": [
            {}
          ]
        },
        "before_sensitive": false,
        "after_sensitive": {
          "sku": [
            {}
          ]
        }
      }
    },
    {
      "address": "azurerm_function_app.my_function",
      "mode": "managed",
      "type": "azurerm_function_app",
      "name": "my_function",
      "provider_name": "registry.terraform.io/hashicorp/azurerm",
      "change": {
        "actions": [
          "create"
        ],
        "before": null,
        "after": {
          "client_cert_mode": null,
          "daily_memory_time_quota": null,
          "enable_builtin_logging": true,
          "enabled": true,
          "https_only": false,
          "location": "uksouth",
          "name": "hello-world",
          "os_type": null,
          "resource_group_name": "fake_resource_group",
          "storage_account_access_key": "fake_storage_account_access_key",
          "storage_account_name": "fakestorageaccountname",
          "tags": null,
          "timeouts": null,
          "version": "~1"
        },
        "after_unknown": {
          "app_service_plan_id": true,
          "app_settings": true,
          "auth_settings": true,
          "client_affinity_enabled": true,
          "connection_string": true,
          "custom_domain_verification_id": true,
          "default_hostname": true,
          "id": true,
          "identity": true,
          "kind": true,
          "outbound_ip_addresses": true,
          "possible_outbound_ip_addresses": true,
          "site_config": true,
          "site_credential": true,
          "source_control": true,
          "storage_connection_string": true
        },
        "before_sensitive": false,
        "after_sensitive": {
          "app_settings": {},
          "auth_settings": [],
          "connection_string": [],
          "identity": [],
          "site_config": [],
          "site_credential": [],
          "source_control": [],
          "storage_account_access_key": true,
          "storage_connection_string": true
        }
      }
    },
    {
      "address": "azurerm_linux_virtual_machine.my_vm",
      "mode": "managed",
      "type": "azurerm_linux_virtual_machine",
      "name": "my_vm",
      "provider_name": "registry.terraform.io/hashicorp/azurerm",
      "change": {
        "actions": [
          "create"
        ],
        "before": null,
        "after": {
          "additional_capabilities": [],
          "admin_password": "fakepass",
          "admin_ssh_key": [],
          "admin_username": "fakeuser",
          "allow_extension_operations": true,
          "availability_set_id": null,
          "boot_diagnostics": [],
          "custom_data": null,
          "dedicated_host_id": null,
          "disable_password_authentication": true,
          "encryption_at_host_enabled": null,
          "eviction_policy": null,
          "extensions_time_budget": "PT1H30M",
          "identity": [],
          "license_type": null,
          "location": "eastus",
          "max_bid_price": -1,
          "name": "basic_a2",
          "network_interface_ids": [
            "/subscriptions/00000000-0000-0000-0000-000000000000/resourceGroups/testrg/providers/Microsoft.Network/networkInterfaces/fakenic"
          ],
          "os_disk": [
            {
              "caching": "ReadWrite",
              "diff_disk_settings": [],
              "disk_encryption_set_id": null,
              "storage_account_type": "Standard_LRS",
              "write_accelerator_enabled": false
            }
          ],
          "plan": [],
          "platform_fault_domain": -1,
          "priority": "Regular",
          "provision_vm_agent": true,
          "proximity_placement_group_id": null,
          "resource_group_name": "fake_resource_group",
          "secret": [],
          "size": "Basic_A2",
          "source_image_id": null,
          "source_image_reference": [
            {
              "offer": "UbuntuServer",
              "publisher": "Canonical",
              "sku": "16.04-LTS",
              "version": "latest"
            }
          ],
          "tags": null,
          "timeouts": null,
          "virtual_machine_scale_set_id": null
        },
        "after_unknown": {
          "additional_capabilities": [],
          "admin_ssh_key": [],
          "boot_diagnostics": [],
          "computer_name": true,
          "id": true,
          "identity": [],
          "network_interface_ids": [
            false
          ],
          "os_disk": [
            {
              "diff_disk_settings": [],
              "disk_size_gb": true,
              "name": true
            }
          ],
          "plan": [],
          "private_ip_address": true,
          "private_ip_addresses": true,
          "public_ip_address": true,
          "public_ip_addresses": true,
          "secret": [],
          "source_image_reference": [
            {}
          ],
          "virtual_machine_id": true,
          "zone": true
        },
        "before_sensitive": false,
        "after_sensitive": {
          "additional_capabilities": [],
          "admin_password": true,
          "admin_ssh_key": [],
          "boot_diagnostics": [],
          "custom_data": true,
          "identity": [],
          "network_interface_ids": [
            false
          ],
          "os_disk": [
            {
              "diff_disk_settings": []
            }
          ],
          "plan": [],
          "private_ip_addresses": [],
          "public_ip_addresses": [],
          "secret": [],
          "source_image_reference": [
            {}
          ]
        }
      }
    }
  ],
  "configuration": {
    "provider_config": {
      "azurerm": {
        "name": "azurerm",
        "expressions": {
          "features": [
            {}
          ],
          "skip_provider_registration": {
            "constant_value": true
          }
        }
      }
    },
    "root_module": {
      "resources": [
        {
          "address": "azurerm_app_service_plan.elastic",
          "mode": "managed",
          "type": "azurerm_app_service_plan",
          "name": "elastic",
          "provider_config_key": "azurerm",
          "expressions": {
            "kind": {
              "constant_value": "elastic"
            },
            "location": {
              "constant_value": "eastus"
            },
            "name": {
              "constant_value": "api-appserviceplan-pro"
            },
            "reserved": {
              "constant_value": false
            },
            "resource_group_name": {
              "constant_value": "fake_resource_group"
            },
            "sku": [
              {
                "capacity": {
                  "constant_value": 1
                },
                "size": {
                  "constant_value": "EP2"
                },
                "tier": {
                  "constant_value": "Basic"
                }
              }
            ]
          },
          "schema_version": 0
        },
        {
          "address": "azurerm_function_app.my_function",
          "mode": "managed",
          "type": "azurerm_function_app",
          "name": "my_function",
          "provider_config_key": "azurerm",
          "expressions": {
            "app_service_plan_id": {
              "references": [
                "azurerm_app_service_plan.elastic"
              ]
            },
            "location": {
              "constant_value": "uksouth"
            },
            "name": {
              "constant_value": "hello-world"
            },
            "resource_group_name": {
              "constant_value": "fake_resource_group"
            },
            "storage_account_access_key": {
              "constant_value": "fake_storage_account_access_key"
            },
            "storage_account_name": {
              "constant_value": "fakestorageaccountname"
            }
          },
          "schema_version": 0
        },
        {
          "address": "azurerm_linux_virtual_machine.my_vm",
          "mode": "managed",
          "type": "azurerm_linux_virtual_machine",
          "name": "my_vm",
          "provider_config_key": "azurerm",
          "expressions": {
            "admin_password": {
              "constant_value": "fakepass"
            },
            "admin_username": {
              "constant_value": "fakeuser"
            },
            "location": {
              "constant_value": "eastus"
            },
            "name": {
              "constant_value": "basic_a2"
            },
            "network_interface_ids": {
              "constant_value": [
                "/subscriptions/00000000-0000-0000-0000-000000000000/resourceGroups/testrg/providers/Microsoft.Network/networkInterfaces/fakenic"
              ]
            },
            "os_disk": [
              {
                "caching": {
                  "constant_value": "ReadWrite"
                },
                "storage_account_type": {
                  "constant_value": "Standard_LRS"
                }
              }
            ],
            "resource_group_name": {
              "constant_value": "fake_resource_group"
            },
            "size": {
              "constant_value": "Basic_A2"
            },
            "source_image_reference": [
              {
                "offer": {
                  "constant_value": "UbuntuServer"
                },
                "publisher": {
                  "constant_value": "Canonical"
                },
                "sku": {
                  "constant_value": "16.04-LTS"
                },
                "version": {
                  "constant_value": "latest"
                }
              }
            ]
          },
          "schema_version": 0
        }
      ]
    }
  }
}
